
Microsoft Visual Studio Solution File, Format Version 12.00
# Visual Studio Version 17
VisualStudioVersion = 17.3.32811.315
MinimumVisualStudioVersion = 10.0.40219.1
Project("{FAE04EC0-301F-11D3-BF4B-00C04F79EFBC}") = "IT391_Peck_Unit3_Part_B", "IT391_Peck_Unit3_Part_B.csproj", "{B06198D2-4074-47A2-95B7-6FBC0E3CFFDE}"
EndProject
Global
	GlobalSection(SolutionConfigurationPlatforms) = preSolution
		Debug|Any CPU = Debug|Any CPU
		Release|Any CPU = Release|Any CPU
	EndGlobalSection
	GlobalSection(ProjectConfigurationPlatforms) = postSolution
		{B06198D2-4074-47A2-95B7-6FBC0E3CFFDE}.Debug|Any CPU.ActiveCfg = Debug|Any CPU
		{B06198D2-4074-47A2-95B7-6FBC0E3CFFDE}.Debug|Any CPU.Build.0 = Debug|Any CPU
		{B06198D2-4074-47A2-95B7-6FBC0E3CFFDE}.Release|Any CPU.ActiveCfg = Release|Any CPU
		{B06198D2-4074-47A2-95B7-6FBC0E3CFFDE}.Release|Any CPU.Build.0 = Release|Any CPU
	EndGlobalSection
	GlobalSection(SolutionProperties) = preSolution
		HideSolutionNode = FALSE
	EndGlobalSection
	GlobalSection(ExtensibilityGlobals) = postSolution
		SolutionGuid = {900AD338-6006-46EF-A41A-3014DAD07355}
	EndGlobalSection
EndGlobal
